
Microsoft Visual Studio Solution File, Format Version 12.00
# Visual Studio Version 17
VisualStudioVersion = 17.0.31903.59
MinimumVisualStudioVersion = 10.0.40219.1
Project("{FAE04EC0-301F-11D3-BF4B-00C04F79EFBC}") = "Escrever02", "Escrever02\Escrever02.csproj", "{4D500C0E-DA84-4E83-A3C7-4BFBCBB0DCCB}"
EndProject
Project("{FAE04EC0-301F-11D3-BF4B-00C04F79EFBC}") = "Escrever01", "Escrever01\Escrever01.csproj", "{F75F1A4B-DA85-4E9B-8ACE-831F427367A3}"
EndProject
Project("{FAE04EC0-301F-11D3-BF4B-00C04F79EFBC}") = "TesteErros", "TesteErros\TesteErros.csproj", "{1C85A04D-17EE-4165-8462-1CDF6A481D00}"
EndProject
Global
	GlobalSection(SolutionConfigurationPlatforms) = preSolution
		Debug|Any CPU = Debug|Any CPU
		Release|Any CPU = Release|Any CPU
	EndGlobalSection
	GlobalSection(SolutionProperties) = preSolution
		HideSolutionNode = FALSE
	EndGlobalSection
	GlobalSection(ProjectConfigurationPlatforms) = postSolution
		{4D500C0E-DA84-4E83-A3C7-4BFBCBB0DCCB}.Debug|Any CPU.ActiveCfg = Debug|Any CPU
		{4D500C0E-DA84-4E83-A3C7-4BFBCBB0DCCB}.Debug|Any CPU.Build.0 = Debug|Any CPU
		{4D500C0E-DA84-4E83-A3C7-4BFBCBB0DCCB}.Release|Any CPU.ActiveCfg = Release|Any CPU
		{4D500C0E-DA84-4E83-A3C7-4BFBCBB0DCCB}.Release|Any CPU.Build.0 = Release|Any CPU
		{F75F1A4B-DA85-4E9B-8ACE-831F427367A3}.Debug|Any CPU.ActiveCfg = Debug|Any CPU
		{F75F1A4B-DA85-4E9B-8ACE-831F427367A3}.Debug|Any CPU.Build.0 = Debug|Any CPU
		{F75F1A4B-DA85-4E9B-8ACE-831F427367A3}.Release|Any CPU.ActiveCfg = Release|Any CPU
		{F75F1A4B-DA85-4E9B-8ACE-831F427367A3}.Release|Any CPU.Build.0 = Release|Any CPU
		{1C85A04D-17EE-4165-8462-1CDF6A481D00}.Debug|Any CPU.ActiveCfg = Debug|Any CPU
		{1C85A04D-17EE-4165-8462-1CDF6A481D00}.Debug|Any CPU.Build.0 = Debug|Any CPU
		{1C85A04D-17EE-4165-8462-1CDF6A481D00}.Release|Any CPU.ActiveCfg = Release|Any CPU
		{1C85A04D-17EE-4165-8462-1CDF6A481D00}.Release|Any CPU.Build.0 = Release|Any CPU
	EndGlobalSection
EndGlobal
