
Microsoft Visual Studio Solution File, Format Version 12.00
# Visual Studio Version 17
VisualStudioVersion = 17.0.31903.59
MinimumVisualStudioVersion = 10.0.40219.1
Project("{FAE04EC0-301F-11D3-BF4B-00C04F79EFBC}") = "Descompressor", "Descompressor\Descompressor.csproj", "{662E0C53-8159-4B4E-9D22-CC7E30BDB8C1}"
EndProject
Project("{FAE04EC0-301F-11D3-BF4B-00C04F79EFBC}") = "LerBin", "LerBin\LerBin.csproj", "{21BDE318-60E0-4DC7-9CB9-44C21AD8D1EE}"
EndProject
Project("{FAE04EC0-301F-11D3-BF4B-00C04F79EFBC}") = "EscreverBin", "EscreverBin\EscreverBin.csproj", "{8B0AE851-1028-40C2-964D-DB9CCF9F62A5}"
EndProject
Project("{FAE04EC0-301F-11D3-BF4B-00C04F79EFBC}") = "LerTexto", "LerTexto\LerTexto.csproj", "{DD290A49-C3BA-4EC6-B302-1450769A35AB}"
EndProject
Project("{FAE04EC0-301F-11D3-BF4B-00C04F79EFBC}") = "EscreverTexto", "EscreverTexto\EscreverTexto.csproj", "{2ECF0B22-A693-4764-BF46-76F07D8742A2}"
EndProject
Project("{FAE04EC0-301F-11D3-BF4B-00C04F79EFBC}") = "OMeuJogoMVC", "OMeuJogoMVC\OMeuJogoMVC.csproj", "{ECEE0543-E9E2-4853-B4C4-80F7816735CF}"
EndProject
Global
	GlobalSection(SolutionConfigurationPlatforms) = preSolution
		Debug|Any CPU = Debug|Any CPU
		Release|Any CPU = Release|Any CPU
	EndGlobalSection
	GlobalSection(SolutionProperties) = preSolution
		HideSolutionNode = FALSE
	EndGlobalSection
	GlobalSection(ProjectConfigurationPlatforms) = postSolution
		{662E0C53-8159-4B4E-9D22-CC7E30BDB8C1}.Debug|Any CPU.ActiveCfg = Debug|Any CPU
		{662E0C53-8159-4B4E-9D22-CC7E30BDB8C1}.Debug|Any CPU.Build.0 = Debug|Any CPU
		{662E0C53-8159-4B4E-9D22-CC7E30BDB8C1}.Release|Any CPU.ActiveCfg = Release|Any CPU
		{662E0C53-8159-4B4E-9D22-CC7E30BDB8C1}.Release|Any CPU.Build.0 = Release|Any CPU
		{21BDE318-60E0-4DC7-9CB9-44C21AD8D1EE}.Debug|Any CPU.ActiveCfg = Debug|Any CPU
		{21BDE318-60E0-4DC7-9CB9-44C21AD8D1EE}.Debug|Any CPU.Build.0 = Debug|Any CPU
		{21BDE318-60E0-4DC7-9CB9-44C21AD8D1EE}.Release|Any CPU.ActiveCfg = Release|Any CPU
		{21BDE318-60E0-4DC7-9CB9-44C21AD8D1EE}.Release|Any CPU.Build.0 = Release|Any CPU
		{8B0AE851-1028-40C2-964D-DB9CCF9F62A5}.Debug|Any CPU.ActiveCfg = Debug|Any CPU
		{8B0AE851-1028-40C2-964D-DB9CCF9F62A5}.Debug|Any CPU.Build.0 = Debug|Any CPU
		{8B0AE851-1028-40C2-964D-DB9CCF9F62A5}.Release|Any CPU.ActiveCfg = Release|Any CPU
		{8B0AE851-1028-40C2-964D-DB9CCF9F62A5}.Release|Any CPU.Build.0 = Release|Any CPU
		{DD290A49-C3BA-4EC6-B302-1450769A35AB}.Debug|Any CPU.ActiveCfg = Debug|Any CPU
		{DD290A49-C3BA-4EC6-B302-1450769A35AB}.Debug|Any CPU.Build.0 = Debug|Any CPU
		{DD290A49-C3BA-4EC6-B302-1450769A35AB}.Release|Any CPU.ActiveCfg = Release|Any CPU
		{DD290A49-C3BA-4EC6-B302-1450769A35AB}.Release|Any CPU.Build.0 = Release|Any CPU
		{2ECF0B22-A693-4764-BF46-76F07D8742A2}.Debug|Any CPU.ActiveCfg = Debug|Any CPU
		{2ECF0B22-A693-4764-BF46-76F07D8742A2}.Debug|Any CPU.Build.0 = Debug|Any CPU
		{2ECF0B22-A693-4764-BF46-76F07D8742A2}.Release|Any CPU.ActiveCfg = Release|Any CPU
		{2ECF0B22-A693-4764-BF46-76F07D8742A2}.Release|Any CPU.Build.0 = Release|Any CPU
		{ECEE0543-E9E2-4853-B4C4-80F7816735CF}.Debug|Any CPU.ActiveCfg = Debug|Any CPU
		{ECEE0543-E9E2-4853-B4C4-80F7816735CF}.Debug|Any CPU.Build.0 = Debug|Any CPU
		{ECEE0543-E9E2-4853-B4C4-80F7816735CF}.Release|Any CPU.ActiveCfg = Release|Any CPU
		{ECEE0543-E9E2-4853-B4C4-80F7816735CF}.Release|Any CPU.Build.0 = Release|Any CPU
	EndGlobalSection
EndGlobal
